
Microsoft Visual Studio Solution File, Format Version 12.00
# Visual Studio Version 17
VisualStudioVersion = 17.3.32825.248
MinimumVisualStudioVersion = 10.0.40219.1
Project("{FAE04EC0-301F-11D3-BF4B-00C04F79EFBC}") = "dotnetappswithunitestcase", "dotnetappswithunitestcase.csproj", "{FB783375-5687-4413-9409-531A95371B42}"
EndProject
Project("{FAE04EC0-301F-11D3-BF4B-00C04F79EFBC}") = "dotnetunittestcase", "..\dotnetunittestcase\dotnetunittestcase.csproj", "{5ECF252D-CF18-4D9D-8662-526D512E65FC}"
EndProject
Global
	GlobalSection(SolutionConfigurationPlatforms) = preSolution
		Debug|Any CPU = Debug|Any CPU
		Release|Any CPU = Release|Any CPU
	EndGlobalSection
	GlobalSection(ProjectConfigurationPlatforms) = postSolution
		{FB783375-5687-4413-9409-531A95371B42}.Debug|Any CPU.ActiveCfg = Debug|Any CPU
		{FB783375-5687-4413-9409-531A95371B42}.Debug|Any CPU.Build.0 = Debug|Any CPU
		{FB783375-5687-4413-9409-531A95371B42}.Release|Any CPU.ActiveCfg = Release|Any CPU
		{FB783375-5687-4413-9409-531A95371B42}.Release|Any CPU.Build.0 = Release|Any CPU
		{5ECF252D-CF18-4D9D-8662-526D512E65FC}.Debug|Any CPU.ActiveCfg = Debug|Any CPU
		{5ECF252D-CF18-4D9D-8662-526D512E65FC}.Debug|Any CPU.Build.0 = Debug|Any CPU
		{5ECF252D-CF18-4D9D-8662-526D512E65FC}.Release|Any CPU.ActiveCfg = Release|Any CPU
		{5ECF252D-CF18-4D9D-8662-526D512E65FC}.Release|Any CPU.Build.0 = Release|Any CPU
	EndGlobalSection
	GlobalSection(SolutionProperties) = preSolution
		HideSolutionNode = FALSE
	EndGlobalSection
	GlobalSection(ExtensibilityGlobals) = postSolution
		SolutionGuid = {F7CCA8F1-504B-42D6-BD09-D6BD8E4B4B80}
	EndGlobalSection
EndGlobal
